lockfile_version: '1'
generated_at: '2026-04-27T12:31:17.572827+00:00'
apm_version: 0.9.4
dependencies:
- repo_url: mizchi/skills
  host: github.com
  resolved_commit: a0ebf680f62836f64d7e9b741ee212f55b108f88
  virtual_path: empirical-prompt-tuning
  is_virtual: true
  package_type: claude_skill
  deployed_files:
  - .claude/skills/empirical-prompt-tuning
  - .github/skills/empirical-prompt-tuning
  content_hash: sha256:9c64f10bca463d3ea059d1659d4dd9fddfd90239825c44f1be20c18a2e15b69a
  is_dev: true
- repo_url: tamara1031/easy-agents
  host: github.com
  resolved_commit: 24c92ecfdc7ea7324b2077e819af4b9518b4415c
  virtual_path: easy-agent
  is_virtual: true
  package_type: apm_package
  deployed_files:
  - .claude/agents/easy-agent.md
  - .github/agents/easy-agent.agent.md
  deployed_file_hashes:
    .claude/agents/easy-agent.md: sha256:e2099c913b9e10c81cb967043788fb837685b1d58365660c759eeb6d89e6f0e6
    .github/agents/easy-agent.agent.md: sha256:e2099c913b9e10c81cb967043788fb837685b1d58365660c759eeb6d89e6f0e6
  content_hash: sha256:a6ff0c6732083e199f36b4ec19fdad6714401f69cceea412c224c8e02b68576a
- repo_url: tamara1031/easy-agents
  host: github.com
  resolved_commit: 24c92ecfdc7ea7324b2077e819af4b9518b4415c
  virtual_path: advisor
  is_virtual: true
  depth: 2
  resolved_by: tamara1031/easy-agents
  package_type: apm_package
  deployed_files:
  - .claude/agents/advisor.md
  - .claude/skills/call-advisor
  - .github/agents/advisor.agent.md
  - .github/skills/call-advisor
  deployed_file_hashes:
    .claude/agents/advisor.md: sha256:964af13aa22dcb9dbb12ab6a1ccc6372607571b5d77ccbf9fb2b03a51ba94d0f
    .github/agents/advisor.agent.md: sha256:964af13aa22dcb9dbb12ab6a1ccc6372607571b5d77ccbf9fb2b03a51ba94d0f
  content_hash: sha256:3ab1357d886cef3e699bc0cdddc1e51b99bacf985b440a4f2b2e42fa7a902bee
- repo_url: tamara1031/easy-agents
  host: github.com
  resolved_commit: 24c92ecfdc7ea7324b2077e819af4b9518b4415c
  virtual_path: memoir
  is_virtual: true
  depth: 2
  resolved_by: tamara1031/easy-agents
  package_type: apm_package
  deployed_files:
  - .claude/skills/long-term-memory
  - .github/skills/long-term-memory
  content_hash: sha256:7d5cf5b0c9b6b620cfcda1464378df522947f4b792eab0e49bae3a9309e88d25
- repo_url: tamara1031/easy-agents
  host: github.com
  resolved_commit: 24c92ecfdc7ea7324b2077e819af4b9518b4415c
  virtual_path: parliament
  is_virtual: true
  depth: 2
  resolved_by: tamara1031/easy-agents
  package_type: apm_package
  deployed_files:
  - .claude/agents/parliament-chairperson.md
  - .claude/agents/parliament-member.md
  - .claude/skills/call-parliament
  - .github/agents/parliament-chairperson.agent.md
  - .github/agents/parliament-member.agent.md
  - .github/skills/call-parliament
  deployed_file_hashes:
    .claude/agents/parliament-chairperson.md: sha256:52b10a71eab435bdb947b2c40d067796be7b0b1d5234372f052f0766bf1f4e66
    .claude/agents/parliament-member.md: sha256:50124bb0308f811098353891f4964933a802887e08957ee661eea186a20a2924
    .github/agents/parliament-chairperson.agent.md: sha256:52b10a71eab435bdb947b2c40d067796be7b0b1d5234372f052f0766bf1f4e66
    .github/agents/parliament-member.agent.md: sha256:50124bb0308f811098353891f4964933a802887e08957ee661eea186a20a2924
  content_hash: sha256:c552e70f3596d0035e9d0a87fa166fc8505daefd9c4787535354e573bfec3f47
- repo_url: tamara1031/easy-agents
  host: github.com
  resolved_commit: 24c92ecfdc7ea7324b2077e819af4b9518b4415c
  virtual_path: refine-loop
  is_virtual: true
  depth: 2
  resolved_by: tamara1031/easy-agents
  package_type: apm_package
  deployed_files:
  - .claude/agents/refine-loop.md
  - .github/agents/refine-loop.agent.md
  - .github/skills/call-refine-loop
  deployed_file_hashes:
    .claude/agents/refine-loop.md: sha256:33d79f065fc6d490ce9f65193344714e507221bd85d186c4cd3a9faabff9cce6
    .github/agents/refine-loop.agent.md: sha256:33d79f065fc6d490ce9f65193344714e507221bd85d186c4cd3a9faabff9cce6
  content_hash: sha256:3b34b22dfa75d9585fe6ba4ce4e10633ae519c55aea89e78c90c447c9bd530a8
- repo_url: tamara1031/easy-agents
  host: github.com
  resolved_commit: 24c92ecfdc7ea7324b2077e819af4b9518b4415c
  virtual_path: taskforce
  is_virtual: true
  depth: 2
  resolved_by: tamara1031/easy-agents
  package_type: apm_package
  deployed_files:
  - .claude/agents/hierarchy-manager.md
  - .claude/agents/hierarchy-member.md
  - .claude/skills/call-hierarchy
  - .github/agents/hierarchy-manager.agent.md
  - .github/agents/hierarchy-member.agent.md
  - .github/skills/call-hierarchy
  deployed_file_hashes:
    .claude/agents/hierarchy-manager.md: sha256:6663ab283139f51a3cc172347aa39a4d74a87bd8d228fe0aa05fb15fb246f5aa
    .claude/agents/hierarchy-member.md: sha256:c4af0f8bde16719a709eecc49a6560a9d56853ad8af745f61b2f02c303cc3490
    .github/agents/hierarchy-manager.agent.md: sha256:6663ab283139f51a3cc172347aa39a4d74a87bd8d228fe0aa05fb15fb246f5aa
    .github/agents/hierarchy-member.agent.md: sha256:c4af0f8bde16719a709eecc49a6560a9d56853ad8af745f61b2f02c303cc3490
  content_hash: sha256:fa97e54573f4f7497aa6121e0812513b9177139c9a9cdd5f3cc5ef85053d7e2d
